
Microsoft Visual Studio Solution File, Format Version 10.00
# Visual Studio 2008
Project("{FAE04EC0-301F-11D3-BF4B-00C04F79EFBC}") = "Oxite", "Oxite\Oxite.csproj", "{D54AF39D-CB43-4D32-A89D-D55EE924AB57}"
EndProject
Project("{FAE04EC0-301F-11D3-BF4B-00C04F79EFBC}") = "Oxite.Mvc", "Oxite.Mvc\Oxite.Mvc.csproj", "{FA829C5E-E6EF-4029-891D-32D3F72693D0}"
EndProject
Project("{FAE04EC0-301F-11D3-BF4B-00C04F79EFBC}") = "Oxite.BackgroundServices", "Oxite.BackgroundServices\Oxite.BackgroundServices.csproj", "{F2570366-F28C-403F-AD72-0BEB4F992FB1}"
EndProject
Project("{FAE04EC0-301F-11D3-BF4B-00C04F79EFBC}") = "Oxite.LiveSearchProvider", "Oxite.LiveSearchProvider\Oxite.LiveSearchProvider.csproj", "{24C4EC5D-2515-4B43-82FA-13085E3EA99E}"
EndProject
Project("{FAE04EC0-301F-11D3-BF4B-00C04F79EFBC}") = "Oxite.LinqToSqlDataProvider", "Oxite.LinqToSqlDataProvider\Oxite.LinqToSqlDataProvider.csproj", "{BB60F32A-5C0A-45FB-80E2-7D4A7B9EFFE6}"
EndProject
Project("{FAE04EC0-301F-11D3-BF4B-00C04F79EFBC}") = "Oxite.SearchProvider", "Oxite.SearchProvider\Oxite.SearchProvider.csproj", "{3862E77F-25C3-4C94-B8C8-20817F71BD30}"
EndProject
Project("{FAE04EC0-301F-11D3-BF4B-00C04F79EFBC}") = "OxiteSite", "OxiteSite\OxiteSite.csproj", "{9F3B77E5-FD70-4C94-A8DE-503357FE7174}"
EndProject
Global
	GlobalSection(SolutionConfigurationPlatforms) = preSolution
		Debug|Any CPU = Debug|Any CPU
		Default|Any CPU = Default|Any CPU
		Release|Any CPU = Release|Any CPU
	EndGlobalSection
	GlobalSection(ProjectConfigurationPlatforms) = postSolution
		{D54AF39D-CB43-4D32-A89D-D55EE924AB57}.Debug|Any CPU.ActiveCfg = Debug|Any CPU
		{D54AF39D-CB43-4D32-A89D-D55EE924AB57}.Debug|Any CPU.Build.0 = Debug|Any CPU
		{D54AF39D-CB43-4D32-A89D-D55EE924AB57}.Default|Any CPU.ActiveCfg = Debug|Any CPU
		{D54AF39D-CB43-4D32-A89D-D55EE924AB57}.Default|Any CPU.Build.0 = Debug|Any CPU
		{D54AF39D-CB43-4D32-A89D-D55EE924AB57}.Release|Any CPU.ActiveCfg = Release|Any CPU
		{D54AF39D-CB43-4D32-A89D-D55EE924AB57}.Release|Any CPU.Build.0 = Release|Any CPU
		{FA829C5E-E6EF-4029-891D-32D3F72693D0}.Debug|Any CPU.ActiveCfg = Debug|Any CPU
		{FA829C5E-E6EF-4029-891D-32D3F72693D0}.Debug|Any CPU.Build.0 = Debug|Any CPU
		{FA829C5E-E6EF-4029-891D-32D3F72693D0}.Default|Any CPU.ActiveCfg = Debug|Any CPU
		{FA829C5E-E6EF-4029-891D-32D3F72693D0}.Default|Any CPU.Build.0 = Debug|Any CPU
		{FA829C5E-E6EF-4029-891D-32D3F72693D0}.Release|Any CPU.ActiveCfg = Release|Any CPU
		{FA829C5E-E6EF-4029-891D-32D3F72693D0}.Release|Any CPU.Build.0 = Release|Any CPU
		{F2570366-F28C-403F-AD72-0BEB4F992FB1}.Debug|Any CPU.ActiveCfg = Debug|Any CPU
		{F2570366-F28C-403F-AD72-0BEB4F992FB1}.Debug|Any CPU.Build.0 = Debug|Any CPU
		{F2570366-F28C-403F-AD72-0BEB4F992FB1}.Default|Any CPU.ActiveCfg = Debug|Any CPU
		{F2570366-F28C-403F-AD72-0BEB4F992FB1}.Default|Any CPU.Build.0 = Debug|Any CPU
		{F2570366-F28C-403F-AD72-0BEB4F992FB1}.Release|Any CPU.ActiveCfg = Release|Any CPU
		{F2570366-F28C-403F-AD72-0BEB4F992FB1}.Release|Any CPU.Build.0 = Release|Any CPU
		{24C4EC5D-2515-4B43-82FA-13085E3EA99E}.Debug|Any CPU.ActiveCfg = Debug|Any CPU
		{24C4EC5D-2515-4B43-82FA-13085E3EA99E}.Debug|Any CPU.Build.0 = Debug|Any CPU
		{24C4EC5D-2515-4B43-82FA-13085E3EA99E}.Default|Any CPU.ActiveCfg = Debug|Any CPU
		{24C4EC5D-2515-4B43-82FA-13085E3EA99E}.Default|Any CPU.Build.0 = Debug|Any CPU
		{24C4EC5D-2515-4B43-82FA-13085E3EA99E}.Release|Any CPU.ActiveCfg = Release|Any CPU
		{24C4EC5D-2515-4B43-82FA-13085E3EA99E}.Release|Any CPU.Build.0 = Release|Any CPU
		{BB60F32A-5C0A-45FB-80E2-7D4A7B9EFFE6}.Debug|Any CPU.ActiveCfg = Debug|Any CPU
		{BB60F32A-5C0A-45FB-80E2-7D4A7B9EFFE6}.Debug|Any CPU.Build.0 = Debug|Any CPU
		{BB60F32A-5C0A-45FB-80E2-7D4A7B9EFFE6}.Default|Any CPU.ActiveCfg = Debug|Any CPU
		{BB60F32A-5C0A-45FB-80E2-7D4A7B9EFFE6}.Default|Any CPU.Build.0 = Debug|Any CPU
		{BB60F32A-5C0A-45FB-80E2-7D4A7B9EFFE6}.Release|Any CPU.ActiveCfg = Release|Any CPU
		{BB60F32A-5C0A-45FB-80E2-7D4A7B9EFFE6}.Release|Any CPU.Build.0 = Release|Any CPU
		{3862E77F-25C3-4C94-B8C8-20817F71BD30}.Debug|Any CPU.ActiveCfg = Debug|Any CPU
		{3862E77F-25C3-4C94-B8C8-20817F71BD30}.Debug|Any CPU.Build.0 = Debug|Any CPU
		{3862E77F-25C3-4C94-B8C8-20817F71BD30}.Default|Any CPU.ActiveCfg = Debug|Any CPU
		{3862E77F-25C3-4C94-B8C8-20817F71BD30}.Default|Any CPU.Build.0 = Debug|Any CPU
		{3862E77F-25C3-4C94-B8C8-20817F71BD30}.Release|Any CPU.ActiveCfg = Release|Any CPU
		{3862E77F-25C3-4C94-B8C8-20817F71BD30}.Release|Any CPU.Build.0 = Release|Any CPU
		{9F3B77E5-FD70-4C94-A8DE-503357FE7174}.Debug|Any CPU.ActiveCfg = Debug|Any CPU
		{9F3B77E5-FD70-4C94-A8DE-503357FE7174}.Debug|Any CPU.Build.0 = Debug|Any CPU
		{9F3B77E5-FD70-4C94-A8DE-503357FE7174}.Default|Any CPU.ActiveCfg = Debug|Any CPU
		{9F3B77E5-FD70-4C94-A8DE-503357FE7174}.Default|Any CPU.Build.0 = Debug|Any CPU
		{9F3B77E5-FD70-4C94-A8DE-503357FE7174}.Release|Any CPU.ActiveCfg = Release|Any CPU
		{9F3B77E5-FD70-4C94-A8DE-503357FE7174}.Release|Any CPU.Build.0 = Release|Any CPU
	EndGlobalSection
	GlobalSection(SolutionProperties) = preSolution
		HideSolutionNode = FALSE
	EndGlobalSection
EndGlobal
